
Microsoft Visual Studio Solution File, Format Version 12.00
# Visual Studio Version 17
VisualStudioVersion = 17.5.002.0
MinimumVisualStudioVersion = 10.0.40219.1
Project("{9A19103F-16F7-4668-BE54-9A1E7A4F7556}") = "CommandRestauranteMenu", "CommandRestauranteMenu.csproj", "{D6AA938D-701E-4B85-A3A4-225D43163161}"
EndProject
Global
	GlobalSection(SolutionConfigurationPlatforms) = preSolution
		Debug|Any CPU = Debug|Any CPU
		Release|Any CPU = Release|Any CPU
	EndGlobalSection
	GlobalSection(ProjectConfigurationPlatforms) = postSolution
		{D6AA938D-701E-4B85-A3A4-225D43163161}.Debug|Any CPU.ActiveCfg = Debug|Any CPU
		{D6AA938D-701E-4B85-A3A4-225D43163161}.Debug|Any CPU.Build.0 = Debug|Any CPU
		{D6AA938D-701E-4B85-A3A4-225D43163161}.Release|Any CPU.ActiveCfg = Release|Any CPU
		{D6AA938D-701E-4B85-A3A4-225D43163161}.Release|Any CPU.Build.0 = Release|Any CPU
	EndGlobalSection
	GlobalSection(SolutionProperties) = preSolution
		HideSolutionNode = FALSE
	EndGlobalSection
	GlobalSection(ExtensibilityGlobals) = postSolution
		SolutionGuid = {EA9107FC-DE0D-449F-9737-7DB1CB797A9D}
	EndGlobalSection
EndGlobal
