
Microsoft Visual Studio Solution File, Format Version 12.00
# Visual Studio Version 17
VisualStudioVersion = 17.5.002.0
MinimumVisualStudioVersion = 10.0.40219.1
Project("{9A19103F-16F7-4668-BE54-9A1E7A4F7556}") = "SpectreConsole", "SpectreConsole.csproj", "{BC52BCB2-D1D4-4B37-B257-2E8B7744C2AE}"
EndProject
Global
	GlobalSection(SolutionConfigurationPlatforms) = preSolution
		Debug|Any CPU = Debug|Any CPU
		Release|Any CPU = Release|Any CPU
	EndGlobalSection
	GlobalSection(ProjectConfigurationPlatforms) = postSolution
		{BC52BCB2-D1D4-4B37-B257-2E8B7744C2AE}.Debug|Any CPU.ActiveCfg = Debug|Any CPU
		{BC52BCB2-D1D4-4B37-B257-2E8B7744C2AE}.Debug|Any CPU.Build.0 = Debug|Any CPU
		{BC52BCB2-D1D4-4B37-B257-2E8B7744C2AE}.Release|Any CPU.ActiveCfg = Release|Any CPU
		{BC52BCB2-D1D4-4B37-B257-2E8B7744C2AE}.Release|Any CPU.Build.0 = Release|Any CPU
	EndGlobalSection
	GlobalSection(SolutionProperties) = preSolution
		HideSolutionNode = FALSE
	EndGlobalSection
	GlobalSection(ExtensibilityGlobals) = postSolution
		SolutionGuid = {F922E7FF-A4F9-4559-A08B-A026962D3ABC}
	EndGlobalSection
EndGlobal
