
Microsoft Visual Studio Solution File, Format Version 12.00
# Visual Studio Version 17
VisualStudioVersion = 17.5.002.0
MinimumVisualStudioVersion = 10.0.40219.1
Project("{9A19103F-16F7-4668-BE54-9A1E7A4F7556}") = "StrategyWithTemplateMethod", "StrategyWithTemplateMethod.csproj", "{ADC42157-1C0F-4504-949F-8B535EE56841}"
EndProject
Global
	GlobalSection(SolutionConfigurationPlatforms) = preSolution
		Debug|Any CPU = Debug|Any CPU
		Release|Any CPU = Release|Any CPU
	EndGlobalSection
	GlobalSection(ProjectConfigurationPlatforms) = postSolution
		{ADC42157-1C0F-4504-949F-8B535EE56841}.Debug|Any CPU.ActiveCfg = Debug|Any CPU
		{ADC42157-1C0F-4504-949F-8B535EE56841}.Debug|Any CPU.Build.0 = Debug|Any CPU
		{ADC42157-1C0F-4504-949F-8B535EE56841}.Release|Any CPU.ActiveCfg = Release|Any CPU
		{ADC42157-1C0F-4504-949F-8B535EE56841}.Release|Any CPU.Build.0 = Release|Any CPU
	EndGlobalSection
	GlobalSection(SolutionProperties) = preSolution
		HideSolutionNode = FALSE
	EndGlobalSection
	GlobalSection(ExtensibilityGlobals) = postSolution
		SolutionGuid = {2E21408D-50E9-4FAF-B392-87AFF8F2BFF6}
	EndGlobalSection
EndGlobal
